
Microsoft Visual Studio Solution File, Format Version 12.00
# Visual Studio Version 18
VisualStudioVersion = 18.1.11312.151 d18.0
MinimumVisualStudioVersion = 10.0.40219.1
Project("{FAE04EC0-301F-11D3-BF4B-00C04F79EFBC}") = "JournalMate", "JournalMate.csproj", "{F1D91AA0-5710-0554-C644-42646A018B33}"
EndProject
Global
	GlobalSection(SolutionConfigurationPlatforms) = preSolution
		Debug|Any CPU = Debug|Any CPU
		Release|Any CPU = Release|Any CPU
	EndGlobalSection
	GlobalSection(ProjectConfigurationPlatforms) = postSolution
		{F1D91AA0-5710-0554-C644-42646A018B33}.Debug|Any CPU.ActiveCfg = Debug|Any CPU
		{F1D91AA0-5710-0554-C644-42646A018B33}.Debug|Any CPU.Build.0 = Debug|Any CPU
		{F1D91AA0-5710-0554-C644-42646A018B33}.Debug|Any CPU.Deploy.0 = Debug|Any CPU
		{F1D91AA0-5710-0554-C644-42646A018B33}.Release|Any CPU.ActiveCfg = Release|Any CPU
		{F1D91AA0-5710-0554-C644-42646A018B33}.Release|Any CPU.Build.0 = Release|Any CPU
	EndGlobalSection
	GlobalSection(SolutionProperties) = preSolution
		HideSolutionNode = FALSE
	EndGlobalSection
	GlobalSection(ExtensibilityGlobals) = postSolution
		SolutionGuid = {C43AFD01-2516-4233-87C9-51B6F830062A}
	EndGlobalSection
EndGlobal
